
Microsoft Visual Studio Solution File, Format Version 12.00
# Visual Studio 14
VisualStudioVersion = 14.0.24720.0
MinimumVisualStudioVersion = 10.0.40219.1
Project("{FAE04EC0-301F-11D3-BF4B-00C04F79EFBC}") = "spambot7k", "spambot7k\spambot7k.csproj", "{F37A9594-D5E1-4E5C-9457-CC7C747B08DD}"
EndProject
Global
	GlobalSection(SolutionConfigurationPlatforms) = preSolution
		Debug|Any CPU = Debug|Any CPU
		Release|Any CPU = Release|Any CPU
	EndGlobalSection
	GlobalSection(ProjectConfigurationPlatforms) = postSolution
		{F37A9594-D5E1-4E5C-9457-CC7C747B08DD}.Debug|Any CPU.ActiveCfg = Debug|Any CPU
		{F37A9594-D5E1-4E5C-9457-CC7C747B08DD}.Debug|Any CPU.Build.0 = Debug|Any CPU
		{F37A9594-D5E1-4E5C-9457-CC7C747B08DD}.Release|Any CPU.ActiveCfg = Release|Any CPU
		{F37A9594-D5E1-4E5C-9457-CC7C747B08DD}.Release|Any CPU.Build.0 = Release|Any CPU
	EndGlobalSection
	GlobalSection(SolutionProperties) = preSolution
		HideSolutionNode = FALSE
	EndGlobalSection
EndGlobal
